<?xml version="1.0" encoding="utf-8"?>
<Project ToolsVersion="4.0" xmlns="http://schemas.microsoft.com/developer/msbuild/2003">
  <ItemGroup>
    <Filter Include="源文件">
      <UniqueIdentifier>{4FC737F1-C7A5-4376-A066-2A32D752A2FF}</UniqueIdentifier>
      <Extensions>cpp;c;cc;cxx;c++;cppm;ixx;def;odl;idl;hpj;bat;asm;asmx</Extensions>
    </Filter>
    <Filter Include="头文件">
      <UniqueIdentifier>{93995380-89BD-4b04-88EB-625FBE52EBFB}</UniqueIdentifier>
      <Extensions>h;hh;hpp;hxx;h++;hm;inl;inc;ipp;xsd</Extensions>
    </Filter>
    <Filter Include="资源文件">
      <UniqueIdentifier>{67DA6AB6-F800-4c08-8B7A-83BB121AAD01}</UniqueIdentifier>
      <Extensions>rc;ico;cur;bmp;dlg;rc2;rct;bin;rgs;gif;jpg;jpeg;jpe;resx;tiff;tif;png;wav;mfcribbon-ms</Extensions>
    </Filter>
  </ItemGroup>
  <ItemGroup>
    <ClCompile Include="src\Main.cpp">
      <Filter>源文件</Filter>
    </ClCompile>
    <ClCompile Include="src\Shader.cpp">
      <Filter>源文件</Filter>
    </ClCompile>
    <ClCompile Include="src\Shadow.cpp">
      <Filter>源文件</Filter>
    </ClCompile>
    <ClCompile Include="src\glad.c">
      <Filter>源文件</Filter>
    </ClCompile>
    <ClCompile Include="src\IBL.cpp">
      <Filter>源文件</Filter>
    </ClCompile>
    <ClCompile Include="src\Light.cpp">
      <Filter>源文件</Filter>
    </ClCompile>
    <ClCompile Include="src\Material.cpp">
      <Filter>源文件</Filter>
    </ClCompile>
    <ClCompile Include="src\Save_IBL.cpp">
      <Filter>源文件</Filter>
    </ClCompile>
    <ClCompile Include="src\Scene.cpp">
      <Filter>源文件</Filter>
    </ClCompile>
  </ItemGroup>
  <ItemGroup>
    <ClInclude Include="src\Head\Shadow.h">
      <Filter>头文件</Filter>
    </ClInclude>
    <ClInclude Include="src\Head\Show.h">
      <Filter>头文件</Filter>
    </ClInclude>
    <ClInclude Include="src\Head\stb_image.h">
      <Filter>头文件</Filter>
    </ClInclude>
    <ClInclude Include="src\Head\stb_image_write.h">
      <Filter>头文件</Filter>
    </ClInclude>
    <ClInclude Include="src\Head\Camera.h">
      <Filter>头文件</Filter>
    </ClInclude>
    <ClInclude Include="src\Head\IBL.h">
      <Filter>头文件</Filter>
    </ClInclude>
    <ClInclude Include="src\Head\Light.h">
      <Filter>头文件</Filter>
    </ClInclude>
    <ClInclude Include="src\Head\ltc_matrix.hpp">
      <Filter>头文件</Filter>
    </ClInclude>
    <ClInclude Include="src\Head\Material.h">
      <Filter>头文件</Filter>
    </ClInclude>
    <ClInclude Include="src\Head\Save_IBL.h">
      <Filter>头文件</Filter>
    </ClInclude>
    <ClInclude Include="src\Head\Scene.h">
      <Filter>头文件</Filter>
    </ClInclude>
    <ClInclude Include="src\Head\Shader.h">
      <Filter>头文件</Filter>
    </ClInclude>
  </ItemGroup>
  <ItemGroup>
    <None Include="Shaders\pbr.fs">
      <Filter>资源文件</Filter>
    </None>
    <None Include="Shaders\pbr.vs">
      <Filter>资源文件</Filter>
    </None>
    <None Include="Shaders\Skybox\skybox.fs">
      <Filter>资源文件</Filter>
    </None>
    <None Include="Shaders\Skybox\skybox.vs">
      <Filter>资源文件</Filter>
    </None>
    <None Include="Shaders\Shadow\CSM.fs">
      <Filter>资源文件</Filter>
    </None>
    <None Include="Shaders\Shadow\CSM.gs">
      <Filter>资源文件</Filter>
    </None>
    <None Include="Shaders\Shadow\CSM.vs">
      <Filter>资源文件</Filter>
    </None>
    <None Include="Shaders\Shadow\Shadow.fs">
      <Filter>资源文件</Filter>
    </None>
    <None Include="Shaders\Shadow\Shadow.vs">
      <Filter>资源文件</Filter>
    </None>
    <None Include="Shaders\Shadow\VSSM\SAT.comp">
      <Filter>资源文件</Filter>
    </None>
    <None Include="Shaders\Shadow\VSSM\shadow.fs">
      <Filter>资源文件</Filter>
    </None>
    <None Include="Shaders\Shadow\VSSM\shadow.vs">
      <Filter>资源文件</Filter>
    </None>
    <None Include="Shaders\IBL\cubemap.vs">
      <Filter>资源文件</Filter>
    </None>
    <None Include="Shaders\IBL\get_cubemap.fs">
      <Filter>资源文件</Filter>
    </None>
    <None Include="Shaders\IBL\get_irradianceMap.fs">
      <Filter>资源文件</Filter>
    </None>
    <None Include="Shaders\IBL\get_LUT.fs">
      <Filter>资源文件</Filter>
    </None>
    <None Include="Shaders\IBL\get_LUT.vs">
      <Filter>资源文件</Filter>
    </None>
    <None Include="Shaders\IBL\prefilter.fs">
      <Filter>资源文件</Filter>
    </None>
    <None Include="Shaders\IBL\save_cubemap.fs">
      <Filter>资源文件</Filter>
    </None>
    <None Include="Shaders\IBL\background.vs">
      <Filter>资源文件</Filter>
    </None>
    <None Include="Shaders\Forward\Forward.fs">
      <Filter>资源文件</Filter>
    </None>
    <None Include="Shaders\Forward\Forward.vs">
      <Filter>资源文件</Filter>
    </None>
    <None Include="Shaders\Deferred\G_buffer.vs">
      <Filter>资源文件</Filter>
    </None>
    <None Include="Shaders\Deferred\Lighting.fs">
      <Filter>资源文件</Filter>
    </None>
    <None Include="Shaders\Deferred\Lighting.vs">
      <Filter>资源文件</Filter>
    </None>
    <None Include="Shaders\Deferred\G_buffer.fs">
      <Filter>资源文件</Filter>
    </None>
    <None Include="Shaders\Base\show2D.fs">
      <Filter>资源文件</Filter>
    </None>
    <None Include="Shaders\Base\show2D.vs">
      <Filter>资源文件</Filter>
    </None>
    <None Include="Shaders\Base\light.fs">
      <Filter>资源文件</Filter>
    </None>
    <None Include="Shaders\Base\light.vs">
      <Filter>资源文件</Filter>
    </None>
    <None Include="Shaders\Shadow\VSSM\Test.comp" />
  </ItemGroup>
</Project>